// !$*UTF8*$!
{
	archiveVersion = 1;
	classes = {
	};
	objectVersion = 50;
	objects = {

/* Begin PBXBuildFile section */
		AD0DA6182102DAAC0019B9BB /* AppDelegate.swift in Sources */ = {isa = PBXBuildFile; fileRef = AD0DA6172102DAAC0019B9BB /* AppDelegate.swift */; };
		AD0DA61A2102DAAC0019B9BB /* ViewController.swift in Sources */ = {isa = PBXBuildFile; fileRef = AD0DA6192102DAAC0019B9BB /* ViewController.swift */; };
		AD0DA61D2102DAAC0019B9BB /* Main.storyboard in Resources */ = {isa = PBXBuildFile; fileRef = AD0DA61B2102DAAC0019B9BB /* Main.storyboard */; };
		AD0DA61F2102DAAD0019B9BB /* Assets.xcassets in Resources */ = {isa = PBXBuildFile; fileRef = AD0DA61E2102DAAD0019B9BB /* Assets.xcassets */; };
		AD0DA6222102DAAD0019B9BB /* LaunchScreen.storyboard in Resources */ = {isa = PBXBuildFile; fileRef = AD0DA6202102DAAD0019B9BB /* LaunchScreen.storyboard */; };
		AD0DA62D2102DAAD0019B9BB /* swiftlecture01Tests.swift in Sources */ = {isa = PBXBuildFile; fileRef = AD0DA62C2102DAAD0019B9BB /* swiftlecture01Tests.swift */; };
		AD0DA6382102DAAD0019B9BB /* swiftlecture01UITests.swift in Sources */ = {isa = PBXBuildFile; fileRef = AD0DA6372102DAAD0019B9BB /* swiftlecture01UITests.swift */; };
/* End PBXBuildFile section */

/* Begin PBXContainerItemProxy section */
		AD0DA6292102DAAD0019B9BB /* PBXContainerItemProxy */ = {
			isa = PBXContainerItemProxy;
			containerPortal = AD0DA60C2102DAAC0019B9BB /* Project object */;
			proxyType = 1;
			remoteGlobalIDString = AD0DA6132102DAAC0019B9BB;
			remoteInfo = swiftlecture01;
		};
		AD0DA6342102DAAD0019B9BB /* PBXContainerItemProxy */ = {
			isa = PBXContainerItemProxy;
			containerPortal = AD0DA60C2102DAAC0019B9BB /* Project object */;
			proxyType = 1;
			remoteGlobalIDString = AD0DA6132102DAAC0019B9BB;
			remoteInfo = swiftlecture01;
		};
/* End PBXContainerItemProxy section */

/* Begin PBXFileReference section */
		AD0DA6142102DAAC0019B9BB /* swiftlecture01.app */ = {isa = PBXFileReference; explicitFileType = wrapper.application; includeInIndex = 0; path = swiftlecture01.app; sourceTree = BUILT_PRODUCTS_DIR; };
		AD0DA6172102DAAC0019B9BB /* AppDelegate.swift */ = {isa = PBXFileReference; lastKnownFileType = sourcecode.swift; path = AppDelegate.swift; sourceTree = "<group>"; };
		AD0DA6192102DAAC0019B9BB /* ViewController.swift */ = {isa = PBXFileReference; lastKnownFileType = sourcecode.swift; path = ViewController.swift; sourceTree = "<group>"; };
		AD0DA61C2102DAAC0019B9BB /* Base */ = {isa = PBXFileReference; lastKnownFileType = file.storyboard; name = Base; path = Base.lproj/Main.storyboard; sourceTree = "<group>"; };
		AD0DA61E2102DAAD0019B9BB /* Assets.xcassets */ = {isa = PBXFileReference; lastKnownFileType = folder.assetcatalog; path = Assets.xcassets; sourceTree = "<group>"; };
		AD0DA6212102DAAD0019B9BB /* Base */ = {isa = PBXFileReference; lastKnownFileType = file.storyboard; name = Base; path = Base.lproj/LaunchScreen.storyboard; sourceTree = "<group>"; };
		AD0DA6232102DAAD0019B9BB /* Info.plist */ = {isa = PBXFileReference; lastKnownFileType = text.plist.xml; path = Info.plist; sourceTree = "<group>"; };
		AD0DA6282102DAAD0019B9BB /* swiftlecture01Tests.xctest */ = {isa = PBXFileReference; explicitFileType = wrapper.cfbundle; includeInIndex = 0; path = swiftlecture01Tests.xctest; sourceTree = BUILT_PRODUCTS_DIR; };
		AD0DA62C2102DAAD0019B9BB /* swiftlecture01Tests.swift */ = {isa = PBXFileReference; lastKnownFileType = sourcecode.swift; path = swiftlecture01Tests.swift; sourceTree = "<group>"; };
		AD0DA62E2102DAAD0019B9BB /* Info.plist */ = {isa = PBXFileReference; lastKnownFileType = text.plist.xml; path = Info.plist; sourceTree = "<group>"; };
		AD0DA6332102DAAD0019B9BB /* swiftlecture01UITests.xctest */ = {isa = PBXFileReference; explicitFileType = wrapper.cfbundle; includeInIndex = 0; path = swiftlecture01UITests.xctest; sourceTree = BUILT_PRODUCTS_DIR; };
		AD0DA6372102DAAD0019B9BB /* swiftlecture01UITests.swift */ = {isa = PBXFileReference; lastKnownFileType = sourcecode.swift; path = swiftlecture01UITests.swift; sourceTree = "<group>"; };
		AD0DA6392102DAAD0019B9BB /* Info.plist */ = {isa = PBXFileReference; lastKnownFileType = text.plist.xml; path = Info.plist; sourceTree = "<group>"; };
/* End PBXFileReference section */

/* Begin PBXFrameworksBuildPhase section */
		AD0DA6112102DAAC0019B9BB /* Frameworks */ = {
			isa = PBXFrameworksBuildPhase;
			buildActionMask = 2147483647;
			files = (
			);
			runOnlyForDeploymentPostprocessing = 0;
		};
		AD0DA6252102DAAD0019B9BB /* Frameworks */ = {
			isa = PBXFrameworksBuildPhase;
			buildActionMask = 2147483647;
			files = (
			);
			runOnlyForDeploymentPostprocessing = 0;
		};
		AD0DA6302102DAAD0019B9BB /* Frameworks */ = {
			isa = PBXFrameworksBuildPhase;
			buildActionMask = 2147483647;
			files = (
			);
			runOnlyForDeploymentPostprocessing = 0;
		};
/* End PBXFrameworksBuildPhase section */

/* Begin PBXGroup section */
		AD0DA60B2102DAAC0019B9BB = {
			isa = PBXGroup;
			children = (
				AD0DA6162102DAAC0019B9BB /* swiftlecture01 */,
				AD0DA62B2102DAAD0019B9BB /* swiftlecture01Tests */,
				AD0DA6362102DAAD0019B9BB /* swiftlecture01UITests */,
				AD0DA6152102DAAC0019B9BB /* Products */,
			);
			sourceTree = "<group>";
		};
		AD0DA6152102DAAC0019B9BB /* Products */ = {
			isa = PBXGroup;
			children = (
				AD0DA6142102DAAC0019B9BB /* swiftlecture01.app */,
				AD0DA6282102DAAD0019B9BB /* swiftlecture01Tests.xctest */,
				AD0DA6332102DAAD0019B9BB /* swiftlecture01UITests.xctest */,
			);
			name = Products;
			sourceTree = "<group>";
		};
		AD0DA6162102DAAC0019B9BB /* swiftlecture01 */ = {
			isa = PBXGroup;
			children = (
				AD0DA6172102DAAC0019B9BB /* AppDelegate.swift */,
				AD0DA6192102DAAC0019B9BB /* ViewController.swift */,
				AD0DA61B2102DAAC0019B9BB /* Main.storyboard */,
				AD0DA61E2102DAAD0019B9BB /* Assets.xcassets */,
				AD0DA6202102DAAD0019B9BB /* LaunchScreen.storyboard */,
				AD0DA6232102DAAD0019B9BB /* Info.plist */,
			);
			path = swiftlecture01;
			sourceTree = "<group>";
		};
		AD0DA62B2102DAAD0019B9BB /* swiftlecture01Tests */ = {
			isa = PBXGroup;
			children = (
				AD0DA62C2102DAAD0019B9BB /* swiftlecture01Tests.swift */,
				AD0DA62E2102DAAD0019B9BB /* Info.plist */,
			);
			path = swiftlecture01Tests;
			sourceTree = "<group>";
		};
		AD0DA6362102DAAD0019B9BB /* swiftlecture01UITests */ = {
			isa = PBXGroup;
			children = (
				AD0DA6372102DAAD0019B9BB /* swiftlecture01UITests.swift */,
				AD0DA6392102DAAD0019B9BB /* Info.plist */,
			);
			path = swiftlecture01UITests;
			sourceTree = "<group>";
		};
/* End PBXGroup section */

/* Begin PBXNativeTarget section */
		AD0DA6132102DAAC0019B9BB /* swiftlecture01 */ = {
			isa = PBXNativeTarget;
			buildConfigurationList = AD0DA63C2102DAAD0019B9BB /* Build configuration list for PBXNativeTarget "swiftlecture01" */;
			buildPhases = (
				AD0DA6102102DAAC0019B9BB /* Sources */,
				AD0DA6112102DAAC0019B9BB /* Frameworks */,
				AD0DA6122102DAAC0019B9BB /* Resources */,
			);
			buildRules = (
			);
			dependencies = (
			);
			name = swiftlecture01;
			productName = swiftlecture01;
			productReference = AD0DA6142102DAAC0019B9BB /* swiftlecture01.app */;
			productType = "com.apple.product-type.application";
		};
		AD0DA6272102DAAD0019B9BB /* swiftlecture01Tests */ = {
			isa = PBXNativeTarget;
			buildConfigurationList = AD0DA63F2102DAAD0019B9BB /* Build configuration list for PBXNativeTarget "swiftlecture01Tests" */;
			buildPhases = (
				AD0DA6242102DAAD0019B9BB /* Sources */,
				AD0DA6252102DAAD0019B9BB /* Frameworks */,
				AD0DA6262102DAAD0019B9BB /* Resources */,
			);
			buildRules = (
			);
			dependencies = (
				AD0DA62A2102DAAD0019B9BB /* PBXTargetDependency */,
			);
			name = swiftlecture01Tests;
			productName = swiftlecture01Tests;
			productReference = AD0DA6282102DAAD0019B9BB /* swiftlecture01Tests.xctest */;
			productType = "com.apple.product-type.bundle.unit-test";
		};
		AD0DA6322102DAAD0019B9BB /* swiftlecture01UITests */ = {
			isa = PBXNativeTarget;
			buildConfigurationList = AD0DA6422102DAAD0019B9BB /* Build configuration list for PBXNativeTarget "swiftlecture01UITests" */;
			buildPhases = (
				AD0DA62F2102DAAD0019B9BB /* Sources */,
				AD0DA6302102DAAD0019B9BB /* Frameworks */,
				AD0DA6312102DAAD0019B9BB /* Resources */,
			);
			buildRules = (
			);
			dependencies = (
				AD0DA6352102DAAD0019B9BB /* PBXTargetDependency */,
			);
			name = swiftlecture01UITests;
			productName = swiftlecture01UITests;
			productReference = AD0DA6332102DAAD0019B9BB /* swiftlecture01UITests.xctest */;
			productType = "com.apple.product-type.bundle.ui-testing";
		};
/* End PBXNativeTarget section */

/* Begin PBXProject section */
		AD0DA60C2102DAAC0019B9BB /* Project object */ = {
			isa = PBXProject;
			attributes = {
				LastSwiftUpdateCheck = 0940;
				LastUpgradeCheck = 0940;
				ORGANIZATIONNAME = stu1;
				TargetAttributes = {
					AD0DA6132102DAAC0019B9BB = {
						CreatedOnToolsVersion = 9.4;
					};
					AD0DA6272102DAAD0019B9BB = {
						CreatedOnToolsVersion = 9.4;
						TestTargetID = AD0DA6132102DAAC0019B9BB;
					};
					AD0DA6322102DAAD0019B9BB = {
						CreatedOnToolsVersion = 9.4;
						TestTargetID = AD0DA6132102DAAC0019B9BB;
					};
				};
			};
			buildConfigurationList = AD0DA60F2102DAAC0019B9BB /* Build configuration list for PBXProject "swiftlecture01" */;
			compatibilityVersion = "Xcode 9.3";
			developmentRegion = en;
			hasScannedForEncodings = 0;
			knownRegions = (
				en,
				Base,
			);
			mainGroup = AD0DA60B2102DAAC0019B9BB;
			productRefGroup = AD0DA6152102DAAC0019B9BB /* Products */;
			projectDirPath = "";
			projectRoot = "";
			targets = (
				AD0DA6132102DAAC0019B9BB /* swiftlecture01 */,
				AD0DA6272102DAAD0019B9BB /* swiftlecture01Tests */,
				AD0DA6322102DAAD0019B9BB /* swiftlecture01UITests */,
			);
		};
/* End PBXProject section */

/* Begin PBXResourcesBuildPhase section */
		AD0DA6122102DAAC0019B9BB /* Resources */ = {
			isa = PBXResourcesBuildPhase;
			buildActionMask = 2147483647;
			files = (
				AD0DA6222102DAAD0019B9BB /* LaunchScreen.storyboard in Resources */,
				AD0DA61F2102DAAD0019B9BB /* Assets.xcassets in Resources */,
				AD0DA61D2102DAAC0019B9BB /* Main.storyboard in Resources */,
			);
			runOnlyForDeploymentPostprocessing = 0;
		};
		AD0DA6262102DAAD0019B9BB /* Resources */ = {
			isa = PBXResourcesBuildPhase;
			buildActionMask = 2147483647;
			files = (
			);
			runOnlyForDeploymentPostprocessing = 0;
		};
		AD0DA6312102DAAD0019B9BB /* Resources */ = {
			isa = PBXResourcesBuildPhase;
			buildActionMask = 2147483647;
			files = (
			);
			runOnlyForDeploymentPostprocessing = 0;
		};
/* End PBXResourcesBuildPhase section */

/* Begin PBXSourcesBuildPhase section */
		AD0DA6102102DAAC0019B9BB /* Sources */ = {
			isa = PBXSourcesBuildPhase;
			buildActionMask = 2147483647;
			files = (
				AD0DA61A2102DAAC0019B9BB /* ViewController.swift in Sources */,
				AD0DA6182102DAAC0019B9BB /* AppDelegate.swift in Sources */,
			);
			runOnlyForDeploymentPostprocessing = 0;
		};
		AD0DA6242102DAAD0019B9BB /* Sources */ = {
			isa = PBXSourcesBuildPhase;
			buildActionMask = 2147483647;
			files = (
				AD0DA62D2102DAAD0019B9BB /* swiftlecture01Tests.swift in Sources */,
			);
			runOnlyForDeploymentPostprocessing = 0;
		};
		AD0DA62F2102DAAD0019B9BB /* Sources */ = {
			isa = PBXSourcesBuildPhase;
			buildActionMask = 2147483647;
			files = (
				AD0DA6382102DAAD0019B9BB /* swiftlecture01UITests.swift in Sources */,
			);
			runOnlyForDeploymentPostprocessing = 0;
		};
/* End PBXSourcesBuildPhase section */

/* Begin PBXTargetDependency section */
		AD0DA62A2102DAAD0019B9BB /* PBXTargetDependency */ = {
			isa = PBXTargetDependency;
			target = AD0DA6132102DAAC0019B9BB /* swiftlecture01 */;
			targetProxy = AD0DA6292102DAAD0019B9BB /* PBXContainerItemProxy */;
		};
		AD0DA6352102DAAD0019B9BB /* PBXTargetDependency */ = {
			isa = PBXTargetDependency;
			target = AD0DA6132102DAAC0019B9BB /* swiftlecture01 */;
			targetProxy = AD0DA6342102DAAD0019B9BB /* PBXContainerItemProxy */;
		};
/* End PBXTargetDependency section */

/* Begin PBXVariantGroup section */
		AD0DA61B2102DAAC0019B9BB /* Main.storyboard */ = {
			isa = PBXVariantGroup;
			children = (
				AD0DA61C2102DAAC0019B9BB /* Base */,
			);
			name = Main.storyboard;
			sourceTree = "<group>";
		};
		AD0DA6202102DAAD0019B9BB /* LaunchScreen.storyboard */ = {
			isa = PBXVariantGroup;
			children = (
				AD0DA6212102DAAD0019B9BB /* Base */,
			);
			name = LaunchScreen.storyboard;
			sourceTree = "<group>";
		};
/* End PBXVariantGroup section */

/* Begin XCBuildConfiguration section */
		AD0DA63A2102DAAD0019B9BB /* Debug */ = {
			isa = XCBuildConfiguration;
			buildSettings = {
				ALWAYS_SEARCH_USER_PATHS = NO;
				CLANG_ANALYZER_NONNULL = YES;
				CLANG_ANALYZER_NUMBER_OBJECT_CONVERSION = YES_AGGRESSIVE;
				CLANG_CXX_LANGUAGE_STANDARD = "gnu++14";
				CLANG_CXX_LIBRARY = "libc++";
				CLANG_ENABLE_MODULES = YES;
				CLANG_ENABLE_OBJC_ARC = YES;
				CLANG_ENABLE_OBJC_WEAK = YES;
				CLANG_WARN_BLOCK_CAPTURE_AUTORELEASING = YES;
				CLANG_WARN_BOOL_CONVERSION = YES;
				CLANG_WARN_COMMA = YES;
				CLANG_WARN_CONSTANT_CONVERSION = YES;
				CLANG_WARN_DEPRECATED_OBJC_IMPLEMENTATIONS = YES;
				CLANG_WARN_DIRECT_OBJC_ISA_USAGE = YES_ERROR;
				CLANG_WARN_DOCUMENTATION_COMMENTS = YES;
				CLANG_WARN_EMPTY_BODY = YES;
				CLANG_WARN_ENUM_CONVERSION = YES;
				CLANG_WARN_INFINITE_RECURSION = YES;
				CLANG_WARN_INT_CONVERSION = YES;
				CLANG_WARN_NON_LITERAL_NULL_CONVERSION = YES;
				CLANG_WARN_OBJC_IMPLICIT_RETAIN_SELF = YES;
				CLANG_WARN_OBJC_LITERAL_CONVERSION = YES;
				CLANG_WARN_OBJC_ROOT_CLASS = YES_ERROR;
				CLANG_WARN_RANGE_LOOP_ANALYSIS = YES;
				CLANG_WARN_STRICT_PROTOTYPES = YES;
				CLANG_WARN_SUSPICIOUS_MOVE = YES;
				CLANG_WARN_UNGUARDED_AVAILABILITY = YES_AGGRESSIVE;
				CLANG_WARN_UNREACHABLE_CODE = YES;
				CLANG_WARN__DUPLICATE_METHOD_MATCH = YES;
				CODE_SIGN_IDENTITY = "iPhone Developer";
				COPY_PHASE_STRIP = NO;
				DEBUG_INFORMATION_FORMAT = dwarf;
				ENABLE_STRICT_OBJC_MSGSEND = YES;
				ENABLE_TESTABILITY = YES;
				GCC_C_LANGUAGE_STANDARD = gnu11;
				GCC_DYNAMIC_NO_PIC = NO;
				GCC_NO_COMMON_BLOCKS = YES;
				GCC_OPTIMIZATION_LEVEL = 0;
				GCC_PREPROCESSOR_DEFINITIONS = (
					"DEBUG=1",
					"$(inherited)",
				);
				GCC_WARN_64_TO_32_BIT_CONVERSION = YES;
				GCC_WARN_ABOUT_RETURN_TYPE = YES_ERROR;
				GCC_WARN_UNDECLARED_SELECTOR = YES;
				GCC_WARN_UNINITIALIZED_AUTOS = YES_AGGRESSIVE;
				GCC_WARN_UNUSED_FUNCTION = YES;
				GCC_WARN_UNUSED_VARIABLE = YES;
				IPHONEOS_DEPLOYMENT_TARGET = 11.4;
				MTL_ENABLE_DEBUG_INFO = YES;
				ONLY_ACTIVE_ARCH = YES;
				SDKROOT = iphoneos;
				SWIFT_ACTIVE_COMPILATION_CONDITIONS = DEBUG;
				SWIFT_OPTIMIZATION_LEVEL = "-Onone";
			};
			name = Debug;
		};
		AD0DA63B2102DAAD0019B9BB /* Release */ = {
			isa = XCBuildConfiguration;
			buildSettings = {
				ALWAYS_SEARCH_USER_PATHS = NO;
				CLANG_ANALYZER_NONNULL = YES;
				CLANG_ANALYZER_NUMBER_OBJECT_CONVERSION = YES_AGGRESSIVE;
				CLANG_CXX_LANGUAGE_STANDARD = "gnu++14";
				CLANG_CXX_LIBRARY = "libc++";
				CLANG_ENABLE_MODULES = YES;
				CLANG_ENABLE_OBJC_ARC = YES;
				CLANG_ENABLE_OBJC_WEAK = YES;
				CLANG_WARN_BLOCK_CAPTURE_AUTORELEASING = YES;
				CLANG_WARN_BOOL_CONVERSION = YES;
				CLANG_WARN_COMMA = YES;
				CLANG_WARN_CONSTANT_CONVERSION = YES;
				CLANG_WARN_DEPRECATED_OBJC_IMPLEMENTATIONS = YES;
				CLANG_WARN_DIRECT_OBJC_ISA_USAGE = YES_ERROR;
				CLANG_WARN_DOCUMENTATION_COMMENTS = YES;
				CLANG_WARN_EMPTY_BODY = YES;
				CLANG_WARN_ENUM_CONVERSION = YES;
				CLANG_WARN_INFINITE_RECURSION = YES;
				CLANG_WARN_INT_CONVERSION = YES;
				CLANG_WARN_NON_LITERAL_NULL_CONVERSION = YES;
				CLANG_WARN_OBJC_IMPLICIT_RETAIN_SELF = YES;
				CLANG_WARN_OBJC_LITERAL_CONVERSION = YES;
				CLANG_WARN_OBJC_ROOT_CLASS = YES_ERROR;
				CLANG_WARN_RANGE_LOOP_ANALYSIS = YES;
				CLANG_WARN_STRICT_PROTOTYPES = YES;
				CLANG_WARN_SUSPICIOUS_MOVE = YES;
				CLANG_WARN_UNGUARDED_AVAILABILITY = YES_AGGRESSIVE;
				CLANG_WARN_UNREACHABLE_CODE = YES;
				CLANG_WARN__DUPLICATE_METHOD_MATCH = YES;
				CODE_SIGN_IDENTITY = "iPhone Developer";
				COPY_PHASE_STRIP = NO;
				DEBUG_INFORMATION_FORMAT = "dwarf-with-dsym";
				ENABLE_NS_ASSERTIONS = NO;
				ENABLE_STRICT_OBJC_MSGSEND = YES;
				GCC_C_LANGUAGE_STANDARD = gnu11;
				GCC_NO_COMMON_BLOCKS = YES;
				GCC_WARN_64_TO_32_BIT_CONVERSION = YES;
				GCC_WARN_ABOUT_RETURN_TYPE = YES_ERROR;
				GCC_WARN_UNDECLARED_SELECTOR = YES;
				GCC_WARN_UNINITIALIZED_AUTOS = YES_AGGRESSIVE;
				GCC_WARN_UNUSED_FUNCTION = YES;
				GCC_WARN_UNUSED_VARIABLE = YES;
				IPHONEOS_DEPLOYMENT_TARGET = 11.4;
				MTL_ENABLE_DEBUG_INFO = NO;
				SDKROOT = iphoneos;
				SWIFT_COMPILATION_MODE = wholemodule;
				SWIFT_OPTIMIZATION_LEVEL = "-O";
				VALIDATE_PRODUCT = YES;
			};
			name = Release;
		};
		AD0DA63D2102DAAD0019B9BB /* Debug */ = {
			isa = XCBuildConfiguration;
			buildSettings = {
				ASSETCATALOG_COMPILER_APPICON_NAME = AppIcon;
				CODE_SIGN_STYLE = Automatic;
				INFOPLIST_FILE = swiftlecture01/Info.plist;
				LD_RUNPATH_SEARCH_PATHS = (
					"$(inherited)",
					"@executable_path/Frameworks",
				);
				PRODUCT_BUNDLE_IDENTIFIER = aa.swiftlecture01;
				PRODUCT_NAME = "$(TARGET_NAME)";
				SWIFT_VERSION = 4.0;
				TARGETED_DEVICE_FAMILY = "1,2";
			};
			name = Debug;
		};
		AD0DA63E2102DAAD0019B9BB /* Release */ = {
			isa = XCBuildConfiguration;
			buildSettings = {
				ASSETCATALOG_COMPILER_APPICON_NAME = AppIcon;
				CODE_SIGN_STYLE = Automatic;
				INFOPLIST_FILE = swiftlecture01/Info.plist;
				LD_RUNPATH_SEARCH_PATHS = (
					"$(inherited)",
					"@executable_path/Frameworks",
				);
				PRODUCT_BUNDLE_IDENTIFIER = aa.swiftlecture01;
				PRODUCT_NAME = "$(TARGET_NAME)";
				SWIFT_VERSION = 4.0;
				TARGETED_DEVICE_FAMILY = "1,2";
			};
			name = Release;
		};
		AD0DA6402102DAAD0019B9BB /* Debug */ = {
			isa = XCBuildConfiguration;
			buildSettings = {
				ALWAYS_EMBED_SWIFT_STANDARD_LIBRARIES = YES;
				BUNDLE_LOADER = "$(TEST_HOST)";
				CODE_SIGN_STYLE = Automatic;
				INFOPLIST_FILE = swiftlecture01Tests/Info.plist;
				LD_RUNPATH_SEARCH_PATHS = (
					"$(inherited)",
					"@executable_path/Frameworks",
					"@loader_path/Frameworks",
				);
				PRODUCT_BUNDLE_IDENTIFIER = aa.swiftlecture01Tests;
				PRODUCT_NAME = "$(TARGET_NAME)";
				SWIFT_VERSION = 4.0;
				TARGETED_DEVICE_FAMILY = "1,2";
				TEST_HOST = "$(BUILT_PRODUCTS_DIR)/swiftlecture01.app/swiftlecture01";
			};
			name = Debug;
		};
		AD0DA6412102DAAD0019B9BB /* Release */ = {
			isa = XCBuildConfiguration;
			buildSettings = {
				ALWAYS_EMBED_SWIFT_STANDARD_LIBRARIES = YES;
				BUNDLE_LOADER = "$(TEST_HOST)";
				CODE_SIGN_STYLE = Automatic;
				INFOPLIST_FILE = swiftlecture01Tests/Info.plist;
				LD_RUNPATH_SEARCH_PATHS = (
					"$(inherited)",
					"@executable_path/Frameworks",
					"@loader_path/Frameworks",
				);
				PRODUCT_BUNDLE_IDENTIFIER = aa.swiftlecture01Tests;
				PRODUCT_NAME = "$(TARGET_NAME)";
				SWIFT_VERSION = 4.0;
				TARGETED_DEVICE_FAMILY = "1,2";
				TEST_HOST = "$(BUILT_PRODUCTS_DIR)/swiftlecture01.app/swiftlecture01";
			};
			name = Release;
		};
		AD0DA6432102DAAD0019B9BB /* Debug */ = {
			isa = XCBuildConfiguration;
			buildSettings = {
				ALWAYS_EMBED_SWIFT_STANDARD_LIBRARIES = YES;
				CODE_SIGN_STYLE = Automatic;
				INFOPLIST_FILE = swiftlecture01UITests/Info.plist;
				LD_RUNPATH_SEARCH_PATHS = (
					"$(inherited)",
					"@executable_path/Frameworks",
					"@loader_path/Frameworks",
				);
				PRODUCT_BUNDLE_IDENTIFIER = aa.swiftlecture01UITests;
				PRODUCT_NAME = "$(TARGET_NAME)";
				SWIFT_VERSION = 4.0;
				TARGETED_DEVICE_FAMILY = "1,2";
				TEST_TARGET_NAME = swiftlecture01;
			};
			name = Debug;
		};
		AD0DA6442102DAAD0019B9BB /* Release */ = {
			isa = XCBuildConfiguration;
			buildSettings = {
				ALWAYS_EMBED_SWIFT_STANDARD_LIBRARIES = YES;
				CODE_SIGN_STYLE = Automatic;
				INFOPLIST_FILE = swiftlecture01UITests/Info.plist;
				LD_RUNPATH_SEARCH_PATHS = (
					"$(inherited)",
					"@executable_path/Frameworks",
					"@loader_path/Frameworks",
				);
				PRODUCT_BUNDLE_IDENTIFIER = aa.swiftlecture01UITests;
				PRODUCT_NAME = "$(TARGET_NAME)";
				SWIFT_VERSION = 4.0;
				TARGETED_DEVICE_FAMILY = "1,2";
				TEST_TARGET_NAME = swiftlecture01;
			};
			name = Release;
		};
/* End XCBuildConfiguration section */

/* Begin XCConfigurationList section */
		AD0DA60F2102DAAC0019B9BB /* Build configuration list for PBXProject "swiftlecture01" */ = {
			isa = XCConfigurationList;
			buildConfigurations = (
				AD0DA63A2102DAAD0019B9BB /* Debug */,
				AD0DA63B2102DAAD0019B9BB /* Release */,
			);
			defaultConfigurationIsVisible = 0;
			defaultConfigurationName = Release;
		};
		AD0DA63C2102DAAD0019B9BB /* Build configuration list for PBXNativeTarget "swiftlecture01" */ = {
			isa = XCConfigurationList;
			buildConfigurations = (
				AD0DA63D2102DAAD0019B9BB /* Debug */,
				AD0DA63E2102DAAD0019B9BB /* Release */,
			);
			defaultConfigurationIsVisible = 0;
			defaultConfigurationName = Release;
		};
		AD0DA63F2102DAAD0019B9BB /* Build configuration list for PBXNativeTarget "swiftlecture01Tests" */ = {
			isa = XCConfigurationList;
			buildConfigurations = (
				AD0DA6402102DAAD0019B9BB /* Debug */,
				AD0DA6412102DAAD0019B9BB /* Release */,
			);
			defaultConfigurationIsVisible = 0;
			defaultConfigurationName = Release;
		};
		AD0DA6422102DAAD0019B9BB /* Build configuration list for PBXNativeTarget "swiftlecture01UITests" */ = {
			isa = XCConfigurationList;
			buildConfigurations = (
				AD0DA6432102DAAD0019B9BB /* Debug */,
				AD0DA6442102DAAD0019B9BB /* Release */,
			);
			defaultConfigurationIsVisible = 0;
			defaultConfigurationName = Release;
		};
/* End XCConfigurationList section */
	};
	rootObject = AD0DA60C2102DAAC0019B9BB /* Project object */;
}
